PODS:
  - "app_settings (3.0.0+1)":
    - Flutter
  - Flutter (1.0.0)
  - path_provider_foundation (0.0.1):
    - Flutter
    - FlutterMacOS
  - shared_preferences_foundation (0.0.1):
    - Flutter
    - FlutterMacOS
  - webview_flutter_wkwebview (0.0.1):
    - Flutter
  - wifi_iot (0.0.1):
    - Flutter
  - wifi_scan (0.0.1):
    - Flutter

DEPENDENCIES:
  - app_settings (from `.symlinks/plugins/app_settings/ios`)
  - Flutter (from `Flutter`)
  - path_provider_foundation (from `.symlinks/plugins/path_provider_foundation/darwin`)
  - shared_preferences_foundation (from `.symlinks/plugins/shared_preferences_foundation/darwin`)
  - webview_flutter_wkwebview (from `.symlinks/plugins/webview_flutter_wkwebview/ios`)
  - wifi_iot (from `.symlinks/plugins/wifi_iot/ios`)
  - wifi_scan (from `.symlinks/plugins/wifi_scan/ios`)

EXTERNAL SOURCES:
  app_settings:
    :path: ".symlinks/plugins/app_settings/ios"
  Flutter:
    :path: Flutter
  path_provider_foundation:
    :path: ".symlinks/plugins/path_provider_foundation/darwin"
  shared_preferences_foundation:
    :path: ".symlinks/plugins/shared_preferences_foundation/darwin"
  webview_flutter_wkwebview:
    :path: ".symlinks/plugins/webview_flutter_wkwebview/ios"
  wifi_iot:
    :path: ".symlinks/plugins/wifi_iot/ios"
  wifi_scan:
    :path: ".symlinks/plugins/wifi_scan/ios"

SPEC CHECKSUMS:
  app_settings: 54b8813f690b34f757c0bf97a46637bed5acc76c
  Flutter: e0871f40cf51350855a761d2e70bf5af5b9b5de7
  path_provider_foundation: 3784922295ac71e43754bd15e0653ccfd36a147c
  shared_preferences_foundation: b4c3b4cddf1c21f02770737f147a3f5da9d39695
  webview_flutter_wkwebview: b7e70ef1ddded7e69c796c7390ee74180182971f
  wifi_iot: b5aafd6f9b52f8a357383a1deabab45f31cd602d
  wifi_scan: 6d20b3b4f59bbad1ddcf3e241560f3acd62f6cbe

PODFILE CHECKSUM: c4c93c5f6502fe2754f48404d3594bf779584011

COCOAPODS: 1.10.1
